// !$*UTF8*$!
{
	archiveVersion = 1;
	classes = {
	};
	objectVersion = 77;
	objects = {

/* Begin PBXBuildFile section */
		16158C9F2D799A2600AC3458 /* Toast in Frameworks */ = {isa = PBXBuildFile; productRef = 16158C9E2D799A2600AC3458 /* Toast */; };
		16158CA22D799A6000AC3458 /* RealmSwift in Frameworks */ = {isa = PBXBuildFile; productRef = 16158CA12D799A6000AC3458 /* RealmSwift */; };
		16158CA52D799A8200AC3458 /* RxGesture in Frameworks */ = {isa = PBXBuildFile; productRef = 16158CA42D799A8200AC3458 /* RxGesture */; };
		16158CA82D799A9000AC3458 /* Alamofire in Frameworks */ = {isa = PBXBuildFile; productRef = 16158CA72D799A9000AC3458 /* Alamofire */; };
		16158CAB2D799B0A00AC3458 /* Differentiator in Frameworks */ = {isa = PBXBuildFile; productRef = 16158CAA2D799B0A00AC3458 /* Differentiator */; };
		16158CAD2D799B0A00AC3458 /* RxDataSources in Frameworks */ = {isa = PBXBuildFile; productRef = 16158CAC2D799B0A00AC3458 /* RxDataSources */; };
		16158CB02D799B9600AC3458 /* SnapKit in Frameworks */ = {isa = PBXBuildFile; productRef = 16158CAF2D799B9600AC3458 /* SnapKit */; };
		16158CB32D799BB000AC3458 /* Kingfisher in Frameworks */ = {isa = PBXBuildFile; productRef = 16158CB22D799BB000AC3458 /* Kingfisher */; };
		16158CB62D799BEA00AC3458 /* RxCocoa in Frameworks */ = {isa = PBXBuildFile; productRef = 16158CB52D799BEA00AC3458 /* RxCocoa */; };
		16158CB82D799BEA00AC3458 /* RxSwift in Frameworks */ = {isa = PBXBuildFile; productRef = 16158CB72D799BEA00AC3458 /* RxSwift */; };
		162620AA2DB8BCEF00468B16 /* FirebaseAnalyticsWithoutAdIdSupport in Frameworks */ = {isa = PBXBuildFile; productRef = 162620A92DB8BCEF00468B16 /* FirebaseAnalyticsWithoutAdIdSupport */; };
		162620AE2DB8C02000468B16 /* GoogleService-Info.plist in Resources */ = {isa = PBXBuildFile; fileRef = 162620AD2DB8C02000468B16 /* GoogleService-Info.plist */; };
		162B6CBE2DA6A14A00BA9218 /* NumberterKit in Frameworks */ = {isa = PBXBuildFile; productRef = 162B6CBD2DA6A14A00BA9218 /* NumberterKit */; };
		165DB0812D95779100AE2A37 /* DGCharts in Frameworks */ = {isa = PBXBuildFile; productRef = 165DB0802D95779100AE2A37 /* DGCharts */; };
		16C8DD932D7FB53A00907D86 /* RealmSwift in Embed Frameworks */ = {isa = PBXBuildFile; productRef = 16158CA12D799A6000AC3458 /* RealmSwift */; settings = {ATTRIBUTES = (CodeSignOnCopy, ); }; };
/* End PBXBuildFile section */

/* Begin PBXCopyFilesBuildPhase section */
		168A2DEB2DB655C5001530B0 /* Embed Foundation Extensions */ = {
			isa = PBXCopyFilesBuildPhase;
			buildActionMask = 2147483647;
			dstPath = "";
			dstSubfolderSpec = 13;
			files = (
			);
			name = "Embed Foundation Extensions";
			runOnlyForDeploymentPostprocessing = 0;
		};
		16C8DD942D7FB53A00907D86 /* Embed Frameworks */ = {
			isa = PBXCopyFilesBuildPhase;
			buildActionMask = 2147483647;
			dstPath = "";
			dstSubfolderSpec = 10;
			files = (
				16C8DD932D7FB53A00907D86 /* RealmSwift in Embed Frameworks */,
			);
			name = "Embed Frameworks";
			runOnlyForDeploymentPostprocessing = 0;
		};
/* End PBXCopyFilesBuildPhase section */

/* Begin PBXFileReference section */
		16158C852D79992E00AC3458 /* Commelier.app */ = {isa = PBXFileReference; explicitFileType = wrapper.application; includeInIndex = 0; path = Commelier.app; sourceTree = BUILT_PRODUCTS_DIR; };
		162620AD2DB8C02000468B16 /* GoogleService-Info.plist */ = {isa = PBXFileReference; lastKnownFileType = text.plist.xml; path = "GoogleService-Info.plist"; sourceTree = "<group>"; };
/* End PBXFileReference section */

/* Begin PBXFileSystemSynchronizedBuildFileExceptionSet section */
		16158E402D79CDDC00AC3458 /* Exceptions for "Commelier" folder in "Commelier" target */ = {
			isa = PBXFileSystemSynchronizedBuildFileExceptionSet;
			membershipExceptions = (
				App/Setting/Info.plist,
			);
			target = 16158C842D79992E00AC3458 /* Commelier */;
		};
/* End PBXFileSystemSynchronizedBuildFileExceptionSet section */

/* Begin PBXFileSystemSynchronizedRootGroup section */
		16158E262D79CDDC00AC3458 /* Commelier */ = {
			isa = PBXFileSystemSynchronizedRootGroup;
			exceptions = (
				16158E402D79CDDC00AC3458 /* Exceptions for "Commelier" folder in "Commelier" target */,
			);
			path = Commelier;
			sourceTree = "<group>";
		};
/* End PBXFileSystemSynchronizedRootGroup section */

/* Begin PBXFrameworksBuildPhase section */
		16158C822D79992E00AC3458 /* Frameworks */ = {
			isa = PBXFrameworksBuildPhase;
			buildActionMask = 2147483647;
			files = (
				162620AA2DB8BCEF00468B16 /* FirebaseAnalyticsWithoutAdIdSupport in Frameworks */,
				162B6CBE2DA6A14A00BA9218 /* NumberterKit in Frameworks */,
				16158CB62D799BEA00AC3458 /* RxCocoa in Frameworks */,
				16158CA22D799A6000AC3458 /* RealmSwift in Frameworks */,
				16158CB82D799BEA00AC3458 /* RxSwift in Frameworks */,
				16158CAB2D799B0A00AC3458 /* Differentiator in Frameworks */,
				16158CA82D799A9000AC3458 /* Alamofire in Frameworks */,
				16158CB02D799B9600AC3458 /* SnapKit in Frameworks */,
				16158CB32D799BB000AC3458 /* Kingfisher in Frameworks */,
				16158CAD2D799B0A00AC3458 /* RxDataSources in Frameworks */,
				16158CA52D799A8200AC3458 /* RxGesture in Frameworks */,
				165DB0812D95779100AE2A37 /* DGCharts in Frameworks */,
				16158C9F2D799A2600AC3458 /* Toast in Frameworks */,
			);
			runOnlyForDeploymentPostprocessing = 0;
		};
/* End PBXFrameworksBuildPhase section */

/* Begin PBXGroup section */
		16158C7C2D79992E00AC3458 = {
			isa = PBXGroup;
			children = (
				162620AD2DB8C02000468B16 /* GoogleService-Info.plist */,
				16158E262D79CDDC00AC3458 /* Commelier */,
				16158C862D79992E00AC3458 /* Products */,
			);
			sourceTree = "<group>";
		};
		16158C862D79992E00AC3458 /* Products */ = {
			isa = PBXGroup;
			children = (
				16158C852D79992E00AC3458 /* Commelier.app */,
			);
			name = Products;
			sourceTree = "<group>";
		};
/* End PBXGroup section */

/* Begin PBXNativeTarget section */
		16158C842D79992E00AC3458 /* Commelier */ = {
			isa = PBXNativeTarget;
			buildConfigurationList = 16158C982D79993000AC3458 /* Build configuration list for PBXNativeTarget "Commelier" */;
			buildPhases = (
				16158C812D79992E00AC3458 /* Sources */,
				16158C822D79992E00AC3458 /* Frameworks */,
				16158C832D79992E00AC3458 /* Resources */,
				16C8DD942D7FB53A00907D86 /* Embed Frameworks */,
				168A2DEB2DB655C5001530B0 /* Embed Foundation Extensions */,
			);
			buildRules = (
			);
			dependencies = (
			);
			fileSystemSynchronizedGroups = (
				16158E262D79CDDC00AC3458 /* Commelier */,
			);
			name = Commelier;
			packageProductDependencies = (
				16158C9E2D799A2600AC3458 /* Toast */,
				16158CA12D799A6000AC3458 /* RealmSwift */,
				16158CA42D799A8200AC3458 /* RxGesture */,
				16158CA72D799A9000AC3458 /* Alamofire */,
				16158CAA2D799B0A00AC3458 /* Differentiator */,
				16158CAC2D799B0A00AC3458 /* RxDataSources */,
				16158CAF2D799B9600AC3458 /* SnapKit */,
				16158CB22D799BB000AC3458 /* Kingfisher */,
				16158CB52D799BEA00AC3458 /* RxCocoa */,
				16158CB72D799BEA00AC3458 /* RxSwift */,
				165DB0802D95779100AE2A37 /* DGCharts */,
				162B6CBD2DA6A14A00BA9218 /* NumberterKit */,
				162620A92DB8BCEF00468B16 /* FirebaseAnalyticsWithoutAdIdSupport */,
			);
			productName = CryptoCollection;
			productReference = 16158C852D79992E00AC3458 /* Commelier.app */;
			productType = "com.apple.product-type.application";
		};
/* End PBXNativeTarget section */

/* Begin PBXProject section */
		16158C7D2D79992E00AC3458 /* Project object */ = {
			isa = PBXProject;
			attributes = {
				BuildIndependentTargetsInParallel = 1;
				LastSwiftUpdateCheck = 1620;
				LastUpgradeCheck = 1620;
				TargetAttributes = {
					16158C842D79992E00AC3458 = {
						CreatedOnToolsVersion = 16.2;
					};
				};
			};
			buildConfigurationList = 16158C802D79992E00AC3458 /* Build configuration list for PBXProject "Commelier" */;
			developmentRegion = en;
			hasScannedForEncodings = 0;
			knownRegions = (
				en,
				Base,
			);
			mainGroup = 16158C7C2D79992E00AC3458;
			minimizedProjectReferenceProxies = 1;
			packageReferences = (
				16158C9D2D799A2600AC3458 /* XCRemoteSwiftPackageReference "Toast-Swift" */,
				16158CA02D799A6000AC3458 /* XCRemoteSwiftPackageReference "realm-swift" */,
				16158CA32D799A8200AC3458 /* XCRemoteSwiftPackageReference "RxGesture" */,
				16158CA62D799A9000AC3458 /* XCRemoteSwiftPackageReference "Alamofire" */,
				16158CA92D799B0A00AC3458 /* XCRemoteSwiftPackageReference "RxDataSources" */,
				16158CAE2D799B9600AC3458 /* XCRemoteSwiftPackageReference "SnapKit" */,
				16158CB12D799BB000AC3458 /* XCRemoteSwiftPackageReference "Kingfisher" */,
				16158CB42D799BEA00AC3458 /* XCRemoteSwiftPackageReference "RxSwift" */,
				165DB07F2D95779100AE2A37 /* XCRemoteSwiftPackageReference "Charts" */,
				162B6CBC2DA6A14A00BA9218 /* XCRemoteSwiftPackageReference "NumberterKit" */,
				162620A82DB8BCEF00468B16 /* XCRemoteSwiftPackageReference "firebase-ios-sdk" */,
			);
			preferredProjectObjectVersion = 77;
			productRefGroup = 16158C862D79992E00AC3458 /* Products */;
			projectDirPath = "";
			projectRoot = "";
			targets = (
				16158C842D79992E00AC3458 /* Commelier */,
			);
		};
/* End PBXProject section */

/* Begin PBXResourcesBuildPhase section */
		16158C832D79992E00AC3458 /* Resources */ = {
			isa = PBXResourcesBuildPhase;
			buildActionMask = 2147483647;
			files = (
				162620AE2DB8C02000468B16 /* GoogleService-Info.plist in Resources */,
			);
			runOnlyForDeploymentPostprocessing = 0;
		};
/* End PBXResourcesBuildPhase section */

/* Begin PBXSourcesBuildPhase section */
		16158C812D79992E00AC3458 /* Sources */ = {
			isa = PBXSourcesBuildPhase;
			buildActionMask = 2147483647;
			files = (
			);
			runOnlyForDeploymentPostprocessing = 0;
		};
/* End PBXSourcesBuildPhase section */

/* Begin XCBuildConfiguration section */
		16158C992D79993000AC3458 /* Debug */ = {
			isa = XCBuildConfiguration;
			buildSettings = {
				ASSETCATALOG_COMPILER_APPICON_NAME = AppIcon;
				ASSETCATALOG_COMPILER_GLOBAL_ACCENT_COLOR_NAME = AccentColor;
				CODE_SIGN_STYLE = Automatic;
				CURRENT_PROJECT_VERSION = 7;
				DEVELOPMENT_TEAM = 49256BK4G3;
				GENERATE_INFOPLIST_FILE = YES;
				INFOPLIST_FILE = Commelier/App/Setting/Info.plist;
				INFOPLIST_KEY_CFBundleDisplayName = Commelier;
				INFOPLIST_KEY_LSApplicationCategoryType = "public.app-category.finance";
				INFOPLIST_KEY_UIApplicationSupportsIndirectInputEvents = YES;
				INFOPLIST_KEY_UILaunchStoryboardName = LaunchScreen;
				INFOPLIST_KEY_UISupportedInterfaceOrientations = UIInterfaceOrientationPortrait;
				INFOPLIST_KEY_UISupportedInterfaceOrientations_iPad = UIInterfaceOrientationPortrait;
				INFOPLIST_KEY_UIUserInterfaceStyle = Dark;
				IPHONEOS_DEPLOYMENT_TARGET = 16.0;
				LD_RUNPATH_SEARCH_PATHS = (
					"$(inherited)",
					"@executable_path/Frameworks",
				);
				MARKETING_VERSION = 1.0.0;
				PRODUCT_BUNDLE_IDENTIFIER = com.dev.ted.Commelier;
				PRODUCT_NAME = "$(TARGET_NAME)";
				SUPPORTED_PLATFORMS = "iphoneos iphonesimulator";
				SUPPORTS_MACCATALYST = NO;
				SUPPORTS_MAC_DESIGNED_FOR_IPHONE_IPAD = NO;
				SUPPORTS_XR_DESIGNED_FOR_IPHONE_IPAD = NO;
				SWIFT_EMIT_LOC_STRINGS = YES;
				SWIFT_VERSION = 5.0;
				TARGETED_DEVICE_FAMILY = 1;
			};
			name = Debug;
		};
		16158C9A2D79993000AC3458 /* Release */ = {
			isa = XCBuildConfiguration;
			buildSettings = {
				ASSETCATALOG_COMPILER_APPICON_NAME = AppIcon;
				ASSETCATALOG_COMPILER_GLOBAL_ACCENT_COLOR_NAME = AccentColor;
				CODE_SIGN_STYLE = Automatic;
				CURRENT_PROJECT_VERSION = 7;
				DEVELOPMENT_TEAM = 49256BK4G3;
				GENERATE_INFOPLIST_FILE = YES;
				INFOPLIST_FILE = Commelier/App/Setting/Info.plist;
				INFOPLIST_KEY_CFBundleDisplayName = Commelier;
				INFOPLIST_KEY_LSApplicationCategoryType = "public.app-category.finance";
				INFOPLIST_KEY_UIApplicationSupportsIndirectInputEvents = YES;
				INFOPLIST_KEY_UILaunchStoryboardName = LaunchScreen;
				INFOPLIST_KEY_UISupportedInterfaceOrientations = UIInterfaceOrientationPortrait;
				INFOPLIST_KEY_UISupportedInterfaceOrientations_iPad = UIInterfaceOrientationPortrait;
				INFOPLIST_KEY_UIUserInterfaceStyle = Dark;
				IPHONEOS_DEPLOYMENT_TARGET = 16.0;
				LD_RUNPATH_SEARCH_PATHS = (
					"$(inherited)",
					"@executable_path/Frameworks",
				);
				MARKETING_VERSION = 1.0.0;
				PRODUCT_BUNDLE_IDENTIFIER = com.dev.ted.Commelier;
				PRODUCT_NAME = "$(TARGET_NAME)";
				SUPPORTED_PLATFORMS = "iphoneos iphonesimulator";
				SUPPORTS_MACCATALYST = NO;
				SUPPORTS_MAC_DESIGNED_FOR_IPHONE_IPAD = NO;
				SUPPORTS_XR_DESIGNED_FOR_IPHONE_IPAD = NO;
				SWIFT_EMIT_LOC_STRINGS = YES;
				SWIFT_VERSION = 5.0;
				TARGETED_DEVICE_FAMILY = 1;
			};
			name = Release;
		};
		16158C9B2D79993000AC3458 /* Debug */ = {
			isa = XCBuildConfiguration;
			buildSettings = {
				ALWAYS_SEARCH_USER_PATHS = NO;
				ASSETCATALOG_COMPILER_GENERATE_SWIFT_ASSET_SYMBOL_EXTENSIONS = YES;
				CLANG_ANALYZER_NONNULL = YES;
				CLANG_ANALYZER_NUMBER_OBJECT_CONVERSION = YES_AGGRESSIVE;
				CLANG_CXX_LANGUAGE_STANDARD = "gnu++20";
				CLANG_ENABLE_MODULES = YES;
				CLANG_ENABLE_OBJC_ARC = YES;
				CLANG_ENABLE_OBJC_WEAK = YES;
				CLANG_WARN_BLOCK_CAPTURE_AUTORELEASING = YES;
				CLANG_WARN_BOOL_CONVERSION = YES;
				CLANG_WARN_COMMA = YES;
				CLANG_WARN_CONSTANT_CONVERSION = YES;
				CLANG_WARN_DEPRECATED_OBJC_IMPLEMENTATIONS = YES;
				CLANG_WARN_DIRECT_OBJC_ISA_USAGE = YES_ERROR;
				CLANG_WARN_DOCUMENTATION_COMMENTS = YES;
				CLANG_WARN_EMPTY_BODY = YES;
				CLANG_WARN_ENUM_CONVERSION = YES;
				CLANG_WARN_INFINITE_RECURSION = YES;
				CLANG_WARN_INT_CONVERSION = YES;
				CLANG_WARN_NON_LITERAL_NULL_CONVERSION = YES;
				CLANG_WARN_OBJC_IMPLICIT_RETAIN_SELF = YES;
				CLANG_WARN_OBJC_LITERAL_CONVERSION = YES;
				CLANG_WARN_OBJC_ROOT_CLASS = YES_ERROR;
				CLANG_WARN_QUOTED_INCLUDE_IN_FRAMEWORK_HEADER = YES;
				CLANG_WARN_RANGE_LOOP_ANALYSIS = YES;
				CLANG_WARN_STRICT_PROTOTYPES = YES;
				CLANG_WARN_SUSPICIOUS_MOVE = YES;
				CLANG_WARN_UNGUARDED_AVAILABILITY = YES_AGGRESSIVE;
				CLANG_WARN_UNREACHABLE_CODE = YES;
				CLANG_WARN__DUPLICATE_METHOD_MATCH = YES;
				COPY_PHASE_STRIP = NO;
				DEBUG_INFORMATION_FORMAT = dwarf;
				ENABLE_STRICT_OBJC_MSGSEND = YES;
				ENABLE_TESTABILITY = YES;
				ENABLE_USER_SCRIPT_SANDBOXING = YES;
				GCC_C_LANGUAGE_STANDARD = gnu17;
				GCC_DYNAMIC_NO_PIC = NO;
				GCC_NO_COMMON_BLOCKS = YES;
				GCC_OPTIMIZATION_LEVEL = 0;
				GCC_PREPROCESSOR_DEFINITIONS = (
					"DEBUG=1",
					"$(inherited)",
				);
				GCC_WARN_64_TO_32_BIT_CONVERSION = YES;
				GCC_WARN_ABOUT_RETURN_TYPE = YES_ERROR;
				GCC_WARN_UNDECLARED_SELECTOR = YES;
				GCC_WARN_UNINITIALIZED_AUTOS = YES_AGGRESSIVE;
				GCC_WARN_UNUSED_FUNCTION = YES;
				GCC_WARN_UNUSED_VARIABLE = YES;
				INFOPLIST_KEY_UILaunchScreen_Generation = NO;
				IPHONEOS_DEPLOYMENT_TARGET = 18.2;
				LOCALIZATION_PREFERS_STRING_CATALOGS = YES;
				MTL_ENABLE_DEBUG_INFO = INCLUDE_SOURCE;
				MTL_FAST_MATH = YES;
				ONLY_ACTIVE_ARCH = YES;
				SDKROOT = iphoneos;
				SWIFT_ACTIVE_COMPILATION_CONDITIONS = "DEBUG $(inherited)";
				SWIFT_OPTIMIZATION_LEVEL = "-Onone";
			};
			name = Debug;
		};
		16158C9C2D79993000AC3458 /* Release */ = {
			isa = XCBuildConfiguration;
			buildSettings = {
				ALWAYS_SEARCH_USER_PATHS = NO;
				ASSETCATALOG_COMPILER_GENERATE_SWIFT_ASSET_SYMBOL_EXTENSIONS = YES;
				CLANG_ANALYZER_NONNULL = YES;
				CLANG_ANALYZER_NUMBER_OBJECT_CONVERSION = YES_AGGRESSIVE;
				CLANG_CXX_LANGUAGE_STANDARD = "gnu++20";
				CLANG_ENABLE_MODULES = YES;
				CLANG_ENABLE_OBJC_ARC = YES;
				CLANG_ENABLE_OBJC_WEAK = YES;
				CLANG_WARN_BLOCK_CAPTURE_AUTORELEASING = YES;
				CLANG_WARN_BOOL_CONVERSION = YES;
				CLANG_WARN_COMMA = YES;
				CLANG_WARN_CONSTANT_CONVERSION = YES;
				CLANG_WARN_DEPRECATED_OBJC_IMPLEMENTATIONS = YES;
				CLANG_WARN_DIRECT_OBJC_ISA_USAGE = YES_ERROR;
				CLANG_WARN_DOCUMENTATION_COMMENTS = YES;
				CLANG_WARN_EMPTY_BODY = YES;
				CLANG_WARN_ENUM_CONVERSION = YES;
				CLANG_WARN_INFINITE_RECURSION = YES;
				CLANG_WARN_INT_CONVERSION = YES;
				CLANG_WARN_NON_LITERAL_NULL_CONVERSION = YES;
				CLANG_WARN_OBJC_IMPLICIT_RETAIN_SELF = YES;
				CLANG_WARN_OBJC_LITERAL_CONVERSION = YES;
				CLANG_WARN_OBJC_ROOT_CLASS = YES_ERROR;
				CLANG_WARN_QUOTED_INCLUDE_IN_FRAMEWORK_HEADER = YES;
				CLANG_WARN_RANGE_LOOP_ANALYSIS = YES;
				CLANG_WARN_STRICT_PROTOTYPES = YES;
				CLANG_WARN_SUSPICIOUS_MOVE = YES;
				CLANG_WARN_UNGUARDED_AVAILABILITY = YES_AGGRESSIVE;
				CLANG_WARN_UNREACHABLE_CODE = YES;
				CLANG_WARN__DUPLICATE_METHOD_MATCH = YES;
				COPY_PHASE_STRIP = NO;
				DEBUG_INFORMATION_FORMAT = "dwarf-with-dsym";
				ENABLE_NS_ASSERTIONS = NO;
				ENABLE_STRICT_OBJC_MSGSEND = YES;
				ENABLE_USER_SCRIPT_SANDBOXING = YES;
				GCC_C_LANGUAGE_STANDARD = gnu17;
				GCC_NO_COMMON_BLOCKS = YES;
				GCC_WARN_64_TO_32_BIT_CONVERSION = YES;
				GCC_WARN_ABOUT_RETURN_TYPE = YES_ERROR;
				GCC_WARN_UNDECLARED_SELECTOR = YES;
				GCC_WARN_UNINITIALIZED_AUTOS = YES_AGGRESSIVE;
				GCC_WARN_UNUSED_FUNCTION = YES;
				GCC_WARN_UNUSED_VARIABLE = YES;
				INFOPLIST_KEY_UILaunchScreen_Generation = NO;
				IPHONEOS_DEPLOYMENT_TARGET = 18.2;
				LOCALIZATION_PREFERS_STRING_CATALOGS = YES;
				MTL_ENABLE_DEBUG_INFO = NO;
				MTL_FAST_MATH = YES;
				SDKROOT = iphoneos;
				SWIFT_COMPILATION_MODE = wholemodule;
				VALIDATE_PRODUCT = YES;
			};
			name = Release;
		};
/* End XCBuildConfiguration section */

/* Begin XCConfigurationList section */
		16158C802D79992E00AC3458 /* Build configuration list for PBXProject "Commelier" */ = {
			isa = XCConfigurationList;
			buildConfigurations = (
				16158C9B2D79993000AC3458 /* Debug */,
				16158C9C2D79993000AC3458 /* Release */,
			);
			defaultConfigurationIsVisible = 0;
			defaultConfigurationName = Release;
		};
		16158C982D79993000AC3458 /* Build configuration list for PBXNativeTarget "Commelier" */ = {
			isa = XCConfigurationList;
			buildConfigurations = (
				16158C992D79993000AC3458 /* Debug */,
				16158C9A2D79993000AC3458 /* Release */,
			);
			defaultConfigurationIsVisible = 0;
			defaultConfigurationName = Release;
		};
/* End XCConfigurationList section */

/* Begin XCRemoteSwiftPackageReference section */
		16158C9D2D799A2600AC3458 /* XCRemoteSwiftPackageReference "Toast-Swift" */ = {
			isa = XCRemoteSwiftPackageReference;
			repositoryURL = "https://github.com/scalessec/Toast-Swift.git";
			requirement = {
				kind = upToNextMajorVersion;
				minimumVersion = 5.1.1;
			};
		};
		16158CA02D799A6000AC3458 /* XCRemoteSwiftPackageReference "realm-swift" */ = {
			isa = XCRemoteSwiftPackageReference;
			repositoryURL = "https://github.com/realm/realm-swift.git";
			requirement = {
				kind = exactVersion;
				version = 20.0.1;
			};
		};
		16158CA32D799A8200AC3458 /* XCRemoteSwiftPackageReference "RxGesture" */ = {
			isa = XCRemoteSwiftPackageReference;
			repositoryURL = "https://github.com/RxSwiftCommunity/RxGesture.git";
			requirement = {
				kind = upToNextMajorVersion;
				minimumVersion = 4.0.4;
			};
		};
		16158CA62D799A9000AC3458 /* XCRemoteSwiftPackageReference "Alamofire" */ = {
			isa = XCRemoteSwiftPackageReference;
			repositoryURL = "https://github.com/Alamofire/Alamofire.git";
			requirement = {
				kind = upToNextMajorVersion;
				minimumVersion = 5.10.2;
			};
		};
		16158CA92D799B0A00AC3458 /* XCRemoteSwiftPackageReference "RxDataSources" */ = {
			isa = XCRemoteSwiftPackageReference;
			repositoryURL = "https://github.com/RxSwiftCommunity/RxDataSources.git";
			requirement = {
				kind = upToNextMajorVersion;
				minimumVersion = 5.0.2;
			};
		};
		16158CAE2D799B9600AC3458 /* XCRemoteSwiftPackageReference "SnapKit" */ = {
			isa = XCRemoteSwiftPackageReference;
			repositoryURL = "https://github.com/SnapKit/SnapKit.git";
			requirement = {
				kind = upToNextMajorVersion;
				minimumVersion = 5.7.1;
			};
		};
		16158CB12D799BB000AC3458 /* XCRemoteSwiftPackageReference "Kingfisher" */ = {
			isa = XCRemoteSwiftPackageReference;
			repositoryURL = "https://github.com/onevcat/Kingfisher.git";
			requirement = {
				kind = upToNextMajorVersion;
				minimumVersion = 8.3.0;
			};
		};
		16158CB42D799BEA00AC3458 /* XCRemoteSwiftPackageReference "RxSwift" */ = {
			isa = XCRemoteSwiftPackageReference;
			repositoryURL = "https://github.com/ReactiveX/RxSwift.git";
			requirement = {
				kind = upToNextMajorVersion;
				minimumVersion = 6.9.0;
			};
		};
		162620A82DB8BCEF00468B16 /* XCRemoteSwiftPackageReference "firebase-ios-sdk" */ = {
			isa = XCRemoteSwiftPackageReference;
			repositoryURL = "https://github.com/firebase/firebase-ios-sdk";
			requirement = {
				kind = upToNextMajorVersion;
				minimumVersion = 11.12.0;
			};
		};
		162B6CBC2DA6A14A00BA9218 /* XCRemoteSwiftPackageReference "NumberterKit" */ = {
			isa = XCRemoteSwiftPackageReference;
			repositoryURL = "https://github.com/Taerogrammer/NumberterKit.git";
			requirement = {
				kind = upToNextMajorVersion;
				minimumVersion = 1.0.2;
			};
		};
		165DB07F2D95779100AE2A37 /* XCRemoteSwiftPackageReference "Charts" */ = {
			isa = XCRemoteSwiftPackageReference;
			repositoryURL = "https://github.com/ChartsOrg/Charts.git";
			requirement = {
				kind = upToNextMajorVersion;
				minimumVersion = 5.1.0;
			};
		};
/* End XCRemoteSwiftPackageReference section */

/* Begin XCSwiftPackageProductDependency section */
		16158C9E2D799A2600AC3458 /* Toast */ = {
			isa = XCSwiftPackageProductDependency;
			package = 16158C9D2D799A2600AC3458 /* XCRemoteSwiftPackageReference "Toast-Swift" */;
			productName = Toast;
		};
		16158CA12D799A6000AC3458 /* RealmSwift */ = {
			isa = XCSwiftPackageProductDependency;
			package = 16158CA02D799A6000AC3458 /* XCRemoteSwiftPackageReference "realm-swift" */;
			productName = RealmSwift;
		};
		16158CA42D799A8200AC3458 /* RxGesture */ = {
			isa = XCSwiftPackageProductDependency;
			package = 16158CA32D799A8200AC3458 /* XCRemoteSwiftPackageReference "RxGesture" */;
			productName = RxGesture;
		};
		16158CA72D799A9000AC3458 /* Alamofire */ = {
			isa = XCSwiftPackageProductDependency;
			package = 16158CA62D799A9000AC3458 /* XCRemoteSwiftPackageReference "Alamofire" */;
			productName = Alamofire;
		};
		16158CAA2D799B0A00AC3458 /* Differentiator */ = {
			isa = XCSwiftPackageProductDependency;
			package = 16158CA92D799B0A00AC3458 /* XCRemoteSwiftPackageReference "RxDataSources" */;
			productName = Differentiator;
		};
		16158CAC2D799B0A00AC3458 /* RxDataSources */ = {
			isa = XCSwiftPackageProductDependency;
			package = 16158CA92D799B0A00AC3458 /* XCRemoteSwiftPackageReference "RxDataSources" */;
			productName = RxDataSources;
		};
		16158CAF2D799B9600AC3458 /* SnapKit */ = {
			isa = XCSwiftPackageProductDependency;
			package = 16158CAE2D799B9600AC3458 /* XCRemoteSwiftPackageReference "SnapKit" */;
			productName = SnapKit;
		};
		16158CB22D799BB000AC3458 /* Kingfisher */ = {
			isa = XCSwiftPackageProductDependency;
			package = 16158CB12D799BB000AC3458 /* XCRemoteSwiftPackageReference "Kingfisher" */;
			productName = Kingfisher;
		};
		16158CB52D799BEA00AC3458 /* RxCocoa */ = {
			isa = XCSwiftPackageProductDependency;
			package = 16158CB42D799BEA00AC3458 /* XCRemoteSwiftPackageReference "RxSwift" */;
			productName = RxCocoa;
		};
		16158CB72D799BEA00AC3458 /* RxSwift */ = {
			isa = XCSwiftPackageProductDependency;
			package = 16158CB42D799BEA00AC3458 /* XCRemoteSwiftPackageReference "RxSwift" */;
			productName = RxSwift;
		};
		162620A92DB8BCEF00468B16 /* FirebaseAnalyticsWithoutAdIdSupport */ = {
			isa = XCSwiftPackageProductDependency;
			package = 162620A82DB8BCEF00468B16 /* XCRemoteSwiftPackageReference "firebase-ios-sdk" */;
			productName = FirebaseAnalyticsWithoutAdIdSupport;
		};
		162B6CBD2DA6A14A00BA9218 /* NumberterKit */ = {
			isa = XCSwiftPackageProductDependency;
			package = 162B6CBC2DA6A14A00BA9218 /* XCRemoteSwiftPackageReference "NumberterKit" */;
			productName = NumberterKit;
		};
		165DB0802D95779100AE2A37 /* DGCharts */ = {
			isa = XCSwiftPackageProductDependency;
			package = 165DB07F2D95779100AE2A37 /* XCRemoteSwiftPackageReference "Charts" */;
			productName = DGCharts;
		};
/* End XCSwiftPackageProductDependency section */
	};
	rootObject = 16158C7D2D79992E00AC3458 /* Project object */;
}
